
Microsoft Visual Studio Solution File, Format Version 12.00
# Visual Studio Version 16
VisualStudioVersion = 16.0.29519.181
MinimumVisualStudioVersion = 10.0.40219.1
Project("{9A19103F-16F7-4668-BE54-9A1E7A4F7556}") = "Api", "app\Api\Api.csproj", "{A4BC8A2B-53D9-462D-AB34-C9ECBE30EDFD}"
EndProject
Project("{E53339B2-1760-4266-BCC7-CA923CBCF16C}") = "docker-compose", "docker-compose.dcproj", "{B1ACA15A-F425-4444-8413-3CA3575F06CC}"
EndProject
Project("{9A19103F-16F7-4668-BE54-9A1E7A4F7556}") = "Tests", "app\Tests\Tests.csproj", "{E95802B0-9809-4F20-9453-CE0BF9EB79A5}"
EndProject
Project("{2150E333-8FDC-42A3-9474-1A3956D46DE8}") = "Solution Items", "Solution Items", "{490938F7-A522-4B42-9298-02AA0B7DA8A8}"
	ProjectSection(SolutionItems) = preProject
		.editorconfig = .editorconfig
	EndProjectSection
EndProject
Project("{9A19103F-16F7-4668-BE54-9A1E7A4F7556}") = "Common", "app\Common\Common.csproj", "{6B61B67E-5B79-4DA1-9A1C-DBDCD189AC4F}"
EndProject
Project("{FAE04EC0-301F-11D3-BF4B-00C04F79EFBC}") = "SignalR", "app\SignalR\SignalR.csproj", "{6740BAD9-50EA-4D0D-9DA5-9878628C1447}"
EndProject
Global
	GlobalSection(SolutionConfigurationPlatforms) = preSolution
		Debug|Any CPU = Debug|Any CPU
		Release|Any CPU = Release|Any CPU
	EndGlobalSection
	GlobalSection(ProjectConfigurationPlatforms) = postSolution
		{A4BC8A2B-53D9-462D-AB34-C9ECBE30EDFD}.Debug|Any CPU.ActiveCfg = Debug|Any CPU
		{A4BC8A2B-53D9-462D-AB34-C9ECBE30EDFD}.Debug|Any CPU.Build.0 = Debug|Any CPU
		{A4BC8A2B-53D9-462D-AB34-C9ECBE30EDFD}.Release|Any CPU.ActiveCfg = Release|Any CPU
		{A4BC8A2B-53D9-462D-AB34-C9ECBE30EDFD}.Release|Any CPU.Build.0 = Release|Any CPU
		{B1ACA15A-F425-4444-8413-3CA3575F06CC}.Debug|Any CPU.ActiveCfg = Debug|Any CPU
		{B1ACA15A-F425-4444-8413-3CA3575F06CC}.Debug|Any CPU.Build.0 = Debug|Any CPU
		{B1ACA15A-F425-4444-8413-3CA3575F06CC}.Release|Any CPU.ActiveCfg = Release|Any CPU
		{B1ACA15A-F425-4444-8413-3CA3575F06CC}.Release|Any CPU.Build.0 = Release|Any CPU
		{E95802B0-9809-4F20-9453-CE0BF9EB79A5}.Debug|Any CPU.ActiveCfg = Debug|Any CPU
		{E95802B0-9809-4F20-9453-CE0BF9EB79A5}.Debug|Any CPU.Build.0 = Debug|Any CPU
		{E95802B0-9809-4F20-9453-CE0BF9EB79A5}.Release|Any CPU.ActiveCfg = Release|Any CPU
		{E95802B0-9809-4F20-9453-CE0BF9EB79A5}.Release|Any CPU.Build.0 = Release|Any CPU
		{6B61B67E-5B79-4DA1-9A1C-DBDCD189AC4F}.Debug|Any CPU.ActiveCfg = Debug|Any CPU
		{6B61B67E-5B79-4DA1-9A1C-DBDCD189AC4F}.Debug|Any CPU.Build.0 = Debug|Any CPU
		{6B61B67E-5B79-4DA1-9A1C-DBDCD189AC4F}.Release|Any CPU.ActiveCfg = Release|Any CPU
		{6B61B67E-5B79-4DA1-9A1C-DBDCD189AC4F}.Release|Any CPU.Build.0 = Release|Any CPU
		{6740BAD9-50EA-4D0D-9DA5-9878628C1447}.Debug|Any CPU.ActiveCfg = Debug|Any CPU
		{6740BAD9-50EA-4D0D-9DA5-9878628C1447}.Debug|Any CPU.Build.0 = Debug|Any CPU
		{6740BAD9-50EA-4D0D-9DA5-9878628C1447}.Release|Any CPU.ActiveCfg = Release|Any CPU
		{6740BAD9-50EA-4D0D-9DA5-9878628C1447}.Release|Any CPU.Build.0 = Release|Any CPU
	EndGlobalSection
	GlobalSection(SolutionProperties) = preSolution
		HideSolutionNode = FALSE
	EndGlobalSection
	GlobalSection(ExtensibilityGlobals) = postSolution
		SolutionGuid = {1991FD95-4091-4916-B413-CE92434A1D46}
	EndGlobalSection
EndGlobal
